github.com/bglw/alto-as-module v0.0.0-20230913092122-33bf111efa20 h1:Bge5t/QVWWD/xnevyLzAGZX0FOMb0+ZwzBqLL3KJgvM=
github.com/bglw/alto-as-module v0.0.0-20230913092122-33bf111efa20/go.mod h1:JkAw6OJ3FGU8uwYBkaEqUCJz4QsZgoybeeNLA4sMVXc=
github.com/bglw/alto-as-module v0.0.0-20250122004256-c19367ece8ca h1:wKO5DR7uVuqNgyV++Pd7dPWedPSs/lL4cdxvdcmmTJM=
github.com/bglw/alto-as-module v0.0.0-20250122004256-c19367ece8ca/go.mod h1:JkAw6OJ3FGU8uwYBkaEqUCJz4QsZgoybeeNLA4sMVXc=
